{
  "name": "@skyfury/egg-bull-board",
  "version": "1.0.4",
  "lockfileVersion": 1,
  "requires": true,
  "dependencies": {
    "@bull-board/api": {
      "version": "3.8.1",
      "resolved": "https://registry.npmjs.org/@bull-board/api/-/api-3.8.1.tgz",
      "integrity": "sha512-jphGWH31n231uuKe2TAPexspZ3TuOj6J2NlvIqWtc7bwY+TN24nD5ug127uBQaoayZZAHlms07U4CVZzK6B7Dw==",
      "requires": {
        "redis-info": "^3.0.8"
      }
    },
    "@bull-board/ui": {
      "version": "3.8.1",
      "resolved": "https://registry.npmjs.org/@bull-board/ui/-/ui-3.8.1.tgz",
      "integrity": "sha512-xprdPitK+GwwVw/KCcDP4pms7F2TUWsW0IMC2UQ5BfhGyok8yQv5A6sjVU8ZjCG3dvvdj+4qTtvk8CAFZDXcEQ==",
      "requires": {
        "@bull-board/api": "3.8.1"
      }
    },
    "@types/accepts": {
      "version": "1.3.5",
      "resolved": "https://registry.npmmirror.com/@types/accepts/download/@types/accepts-1.3.5.tgz?cache=0&sync_timestamp=1637264523233&other_urls=https%3A%2F%2Fregistry.npmmirror.com%2F%40types%2Faccepts%2Fdownload%2F%40types%2Faccepts-1.3.5.tgz",
      "integrity": "sha1-w0vsEVz8dG4E/loFnfTOfns5FXU=",
      "dev": true,
      "requires": {
        "@types/node": "*"
      }
    },
    "@types/body-parser": {
      "version": "1.19.2",
      "resolved": "https://registry.npmmirror.com/@types/body-parser/download/@types/body-parser-1.19.2.tgz?cache=0&sync_timestamp=1637264988188&other_urls=https%3A%2F%2Fregistry.npmmirror.com%2F%40types%2Fbody-parser%2Fdownload%2F%40types%2Fbody-parser-1.19.2.tgz",
      "integrity": "sha512-ALYone6pm6QmwZoAgeyNksccT9Q4AWZQ6PvfwR37GT6r6FWUPguq6sUmNGSMV2Wr761oQoBxwGGa6DR5o1DC9g==",
      "dev": true,
      "requires": {
        "@types/connect": "*",
        "@types/node": "*"
      }
    },
    "@types/connect": {
      "version": "3.4.35",
      "resolved": "https://registry.npmmirror.com/@types/connect/download/@types/connect-3.4.35.tgz?cache=0&sync_timestamp=1637264533049&other_urls=https%3A%2F%2Fregistry.npmmirror.com%2F%40types%2Fconnect%2Fdownload%2F%40types%2Fconnect-3.4.35.tgz",
      "integrity": "sha1-X89q5EXkAh0fwiGaSHPMc6O7KtE=",
      "dev": true,
      "requires": {
        "@types/node": "*"
      }
    },
    "@types/content-disposition": {
      "version": "0.5.4",
      "resolved": "https://registry.npmmirror.com/@types/content-disposition/download/@types/content-disposition-0.5.4.tgz?cache=0&sync_timestamp=1637264594510&other_urls=https%3A%2F%2Fregistry.npmmirror.com%2F%40types%2Fcontent-disposition%2Fdownload%2F%40types%2Fcontent-disposition-0.5.4.tgz",
      "integrity": "sha1-3kjPAcecnxVgvP2K5DIXqwKGV/g=",
      "dev": true
    },
    "@types/cookies": {
      "version": "0.7.7",
      "resolved": "https://registry.npmmirror.com/@types/cookies/download/@types/cookies-0.7.7.tgz?cache=0&sync_timestamp=1637264596425&other_urls=https%3A%2F%2Fregistry.npmmirror.com%2F%40types%2Fcookies%2Fdownload%2F%40types%2Fcookies-0.7.7.tgz",
      "integrity": "sha1-epJFPR0WOJwFpTAe71ZvNJRs/YE=",
      "dev": true,
      "requires": {
        "@types/connect": "*",
        "@types/express": "*",
        "@types/keygrip": "*",
        "@types/node": "*"
      }
    },
    "@types/express": {
      "version": "4.17.13",
      "resolved": "https://registry.npmmirror.com/@types/express/download/@types/express-4.17.13.tgz",
      "integrity": "sha1-p24plXKJmbq1GjP6vOHXBaNwkDQ=",
      "dev": true,
      "requires": {
        "@types/body-parser": "*",
        "@types/express-serve-static-core": "^4.17.18",
        "@types/qs": "*",
        "@types/serve-static": "*"
      }
    },
    "@types/express-serve-static-core": {
      "version": "4.17.26",
      "resolved": "https://registry.npmmirror.com/@types/express-serve-static-core/download/@types/express-serve-static-core-4.17.26.tgz",
      "integrity": "sha512-zeu3tpouA043RHxW0gzRxwCHchMgftE8GArRsvYT0ByDMbn19olQHx5jLue0LxWY6iYtXb7rXmuVtSkhy9YZvQ==",
      "dev": true,
      "requires": {
        "@types/node": "*",
        "@types/qs": "*",
        "@types/range-parser": "*"
      }
    },
    "@types/http-assert": {
      "version": "1.5.3",
      "resolved": "https://registry.npmmirror.com/@types/http-assert/download/@types/http-assert-1.5.3.tgz",
      "integrity": "sha1-7449Go1Gw4fwSrDy6KuMsMUHhmE=",
      "dev": true
    },
    "@types/http-errors": {
      "version": "1.8.1",
      "resolved": "https://registry.npmmirror.com/@types/http-errors/download/@types/http-errors-1.8.1.tgz?cache=0&sync_timestamp=1637266389969&other_urls=https%3A%2F%2Fregistry.npmmirror.com%2F%40types%2Fhttp-errors%2Fdownload%2F%40types%2Fhttp-errors-1.8.1.tgz",
      "integrity": "sha1-6BrSimC+4DKMbSOE4Cmuxibxrmc=",
      "dev": true
    },
    "@types/keygrip": {
      "version": "1.0.2",
      "resolved": "https://registry.npmmirror.com/@types/keygrip/download/@types/keygrip-1.0.2.tgz?cache=0&sync_timestamp=1637266390388&other_urls=https%3A%2F%2Fregistry.npmmirror.com%2F%40types%2Fkeygrip%2Fdownload%2F%40types%2Fkeygrip-1.0.2.tgz",
      "integrity": "sha1-UTq/0lbXrQvx7hhzYGMXszsbKnI=",
      "dev": true
    },
    "@types/koa": {
      "version": "2.13.4",
      "resolved": "https://registry.npmmirror.com/@types/koa/download/@types/koa-2.13.4.tgz?cache=0&sync_timestamp=1637266391124&other_urls=https%3A%2F%2Fregistry.npmmirror.com%2F%40types%2Fkoa%2Fdownload%2F%40types%2Fkoa-2.13.4.tgz",
      "integrity": "sha1-EGILPySoAn71y66Is5PRsxIFcms=",
      "dev": true,
      "requires": {
        "@types/accepts": "*",
        "@types/content-disposition": "*",
        "@types/cookies": "*",
        "@types/http-assert": "*",
        "@types/http-errors": "*",
        "@types/keygrip": "*",
        "@types/koa-compose": "*",
        "@types/node": "*"
      }
    },
    "@types/koa-compose": {
      "version": "3.2.5",
      "resolved": "https://registry.npmmirror.com/@types/koa-compose/download/@types/koa-compose-3.2.5.tgz?cache=0&sync_timestamp=1637266985722&other_urls=https%3A%2F%2Fregistry.npmmirror.com%2F%40types%2Fkoa-compose%2Fdownload%2F%40types%2Fkoa-compose-3.2.5.tgz",
      "integrity": "sha1-hesugKxQvpXzfM+MQHwJu+NGjp0=",
      "dev": true,
      "requires": {
        "@types/koa": "*"
      }
    },
    "@types/koa-mount": {
      "version": "4.0.1",
      "resolved": "https://registry.npmmirror.com/@types/koa-mount/download/@types/koa-mount-4.0.1.tgz",
      "integrity": "sha1-KZS+huqj2dyXNl5uv6InzuPF8Vc=",
      "dev": true,
      "requires": {
        "@types/koa": "*"
      }
    },
    "@types/koa-router": {
      "version": "7.4.4",
      "resolved": "https://registry.npmmirror.com/@types/koa-router/download/@types/koa-router-7.4.4.tgz",
      "integrity": "sha1-23K942FjZddPABeNXyQ8T859pXI=",
      "dev": true,
      "requires": {
        "@types/koa": "*"
      }
    },
    "@types/koa-send": {
      "version": "4.1.3",
      "resolved": "https://registry.npmmirror.com/@types/koa-send/download/@types/koa-send-4.1.3.tgz",
      "integrity": "sha1-Fxk8ZHKunl0bma6AhpScxP1pF50=",
      "dev": true,
      "requires": {
        "@types/koa": "*"
      }
    },
    "@types/koa-static": {
      "version": "4.0.2",
      "resolved": "https://registry.npmmirror.com/@types/koa-static/download/@types/koa-static-4.0.2.tgz",
      "integrity": "sha1-oZnS1k0pMHVes+o3Curyy29QHWc=",
      "dev": true,
      "requires": {
        "@types/koa": "*",
        "@types/koa-send": "*"
      }
    },
    "@types/mime": {
      "version": "1.3.2",
      "resolved": "https://registry.npmmirror.com/@types/mime/download/@types/mime-1.3.2.tgz?cache=0&sync_timestamp=1637267348464&other_urls=https%3A%2F%2Fregistry.npmmirror.com%2F%40types%2Fmime%2Fdownload%2F%40types%2Fmime-1.3.2.tgz",
      "integrity": "sha1-k+Jb+e51/g/YC1lLxP6w6GIRG1o=",
      "dev": true
    },
    "@types/node": {
      "version": "17.0.0",
      "resolved": "https://registry.npmmirror.com/@types/node/download/@types/node-17.0.0.tgz",
      "integrity": "sha512-eMhwJXc931Ihh4tkU+Y7GiLzT/y/DBNpNtr4yU9O2w3SYBsr9NaOPhQlLKRmoWtI54uNwuo0IOUFQjVOTZYRvw==",
      "dev": true
    },
    "@types/qs": {
      "version": "6.9.7",
      "resolved": "https://registry.npmmirror.com/@types/qs/download/@types/qs-6.9.7.tgz?cache=0&sync_timestamp=1637268454704&other_urls=https%3A%2F%2Fregistry.npmmirror.com%2F%40types%2Fqs%2Fdownload%2F%40types%2Fqs-6.9.7.tgz",
      "integrity": "sha1-Y7t9Bn2xB8weRXwwO8JdUR/r9ss=",
      "dev": true
    },
    "@types/range-parser": {
      "version": "1.2.4",
      "resolved": "https://registry.npmmirror.com/@types/range-parser/download/@types/range-parser-1.2.4.tgz?cache=0&sync_timestamp=1637268455466&other_urls=https%3A%2F%2Fregistry.npmmirror.com%2F%40types%2Frange-parser%2Fdownload%2F%40types%2Frange-parser-1.2.4.tgz",
      "integrity": "sha1-zWZ7z90CUhOq+3ylkVqTJZCs3Nw=",
      "dev": true
    },
    "@types/serve-static": {
      "version": "1.13.10",
      "resolved": "https://registry.npmmirror.com/@types/serve-static/download/@types/serve-static-1.13.10.tgz?cache=0&sync_timestamp=1637270658875&other_urls=https%3A%2F%2Fregistry.npmmirror.com%2F%40types%2Fserve-static%2Fdownload%2F%40types%2Fserve-static-1.13.10.tgz",
      "integrity": "sha1-9eDOh5fS18xevtpIpSyWxPpHqNk=",
      "dev": true,
      "requires": {
        "@types/mime": "^1",
        "@types/node": "*"
      }
    },
    "abbrev": {
      "version": "1.1.1",
      "resolved": "https://registry.npmjs.org/abbrev/-/abbrev-1.1.1.tgz",
      "integrity": "sha512-nne9/IiQ/hzIhY6pdDnbBtz7DjPTKrY00P/zvPSm5pOFkl6xuGrGnXn/VtTNNfNtAfZ9/1RtehkszU9qcTii0Q=="
    },
    "any-promise": {
      "version": "1.3.0",
      "resolved": "https://registry.npmjs.org/any-promise/-/any-promise-1.3.0.tgz",
      "integrity": "sha1-q8av7tzqUugJzcA3au0845Y10X8="
    },
    "balanced-match": {
      "version": "1.0.2",
      "resolved": "https://registry.npmjs.org/balanced-match/-/balanced-match-1.0.2.tgz",
      "integrity": "sha512-3oSeUO0TMV67hN1AmbXsK4yaqU7tjiHlbxRDZOpH0KW9+CeX4bRAaX0Anxt0tx2MrpRpWwQaPwIlISEJhYU5Pw=="
    },
    "bluebird": {
      "version": "3.7.2",
      "resolved": "https://registry.npmjs.org/bluebird/-/bluebird-3.7.2.tgz",
      "integrity": "sha512-XpNj6GDQzdfW+r2Wnn7xiSAd7TM3jzkxGXBGTtWKuSXv1xUV+azxAm8jdWZN06QTQk+2N2XB9jRDkvbmQmcRtg=="
    },
    "brace-expansion": {
      "version": "1.1.11",
      "resolved": "https://registry.npmjs.org/brace-expansion/-/brace-expansion-1.1.11.tgz",
      "integrity": "sha512-iCuPHDFgrHX7H2vEI/5xpz07zSHB00TpugqhmYtVmMO6518mCuRMoOYFldEBl0g187ufozdaHgWKcYFb61qGiA==",
      "requires": {
        "balanced-match": "^1.0.0",
        "concat-map": "0.0.1"
      }
    },
    "commander": {
      "version": "2.20.3",
      "resolved": "https://registry.npmjs.org/commander/-/commander-2.20.3.tgz",
      "integrity": "sha512-GpVkmM8vF2vQUkj2LvZmD35JxeJOLCwJ9cUkugyk2nuhbv3+mJvpLYYt+0+USMxE+oj+ey/lJEnhZw75x/OMcQ=="
    },
    "concat-map": {
      "version": "0.0.1",
      "resolved": "https://registry.npmjs.org/concat-map/-/concat-map-0.0.1.tgz",
      "integrity": "sha1-2Klr13/Wjfd5OnMDajug1UBdR3s="
    },
    "condense-newlines": {
      "version": "0.2.1",
      "resolved": "https://registry.npmjs.org/condense-newlines/-/condense-newlines-0.2.1.tgz",
      "integrity": "sha1-PemFVTE5R10yUCyDsC9gaE0kxV8=",
      "requires": {
        "extend-shallow": "^2.0.1",
        "is-whitespace": "^0.3.0",
        "kind-of": "^3.0.2"
      }
    },
    "config-chain": {
      "version": "1.1.13",
      "resolved": "https://registry.npmjs.org/config-chain/-/config-chain-1.1.13.tgz",
      "integrity": "sha512-qj+f8APARXHrM0hraqXYb2/bOVSV4PvJQlNZ/DVj0QrmNM2q2euizkeuVckQ57J+W0mRH6Hvi+k50M4Jul2VRQ==",
      "requires": {
        "ini": "^1.3.4",
        "proto-list": "~1.2.1"
      }
    },
    "consolidate": {
      "version": "0.16.0",
      "resolved": "https://registry.npmjs.org/consolidate/-/consolidate-0.16.0.tgz",
      "integrity": "sha512-Nhl1wzCslqXYTJVDyJCu3ODohy9OfBMB5uD2BiBTzd7w+QY0lBzafkR8y8755yMYHAaMD4NuzbAw03/xzfw+eQ==",
      "requires": {
        "bluebird": "^3.7.2"
      }
    },
    "debug": {
      "version": "4.3.3",
      "resolved": "https://registry.npmjs.org/debug/-/debug-4.3.3.tgz",
      "integrity": "sha512-/zxw5+vh1Tfv+4Qn7a5nsbcJKPaSvCDhojn6FEl9vupwK2VCSDtEiEtqr8DFtzYFOdz63LBkxec7DYuc2jon6Q==",
      "requires": {
        "ms": "2.1.2"
      }
    },
    "depd": {
      "version": "1.1.2",
      "resolved": "https://registry.npmjs.org/depd/-/depd-1.1.2.tgz",
      "integrity": "sha1-m81S4UwJd2PnSbJ0xDRu0uVgtak="
    },
    "editorconfig": {
      "version": "0.15.3",
      "resolved": "https://registry.npmjs.org/editorconfig/-/editorconfig-0.15.3.tgz",
      "integrity": "sha512-M9wIMFx96vq0R4F+gRpY3o2exzb8hEj/n9S8unZtHSvYjibBp/iMufSzvmOcV/laG0ZtuTVGtiJggPOSW2r93g==",
      "requires": {
        "commander": "^2.19.0",
        "lru-cache": "^4.1.5",
        "semver": "^5.6.0",
        "sigmund": "^1.0.1"
      }
    },
    "extend-shallow": {
      "version": "2.0.1",
      "resolved": "https://registry.npmjs.org/extend-shallow/-/extend-shallow-2.0.1.tgz",
      "integrity": "sha1-Ua99YUrZqfYQ6huvu5idaxxWiQ8=",
      "requires": {
        "is-extendable": "^0.1.0"
      }
    },
    "fs.realpath": {
      "version": "1.0.0",
      "resolved": "https://registry.npmjs.org/fs.realpath/-/fs.realpath-1.0.0.tgz",
      "integrity": "sha1-FQStJSMVjKpA20onh8sBQRmU6k8="
    },
    "get-paths": {
      "version": "0.0.7",
      "resolved": "https://registry.npmjs.org/get-paths/-/get-paths-0.0.7.tgz",
      "integrity": "sha512-0wdJt7C1XKQxuCgouqd+ZvLJ56FQixKoki9MrFaO4EriqzXOiH9gbukaDE1ou08S8Ns3/yDzoBAISNPqj6e6tA==",
      "requires": {
        "pify": "^4.0.1"
      }
    },
    "glob": {
      "version": "7.2.0",
      "resolved": "https://registry.npmjs.org/glob/-/glob-7.2.0.tgz",
      "integrity": "sha512-lmLf6gtyrPq8tTjSmrO94wBeQbFR3HbLHbuyD69wuyQkImp2hWqMGB47OX65FBkPffO641IP9jWa1z4ivqG26Q==",
      "requires": {
        "fs.realpath": "^1.0.0",
        "inflight": "^1.0.4",
        "inherits": "2",
        "minimatch": "^3.0.4",
        "once": "^1.3.0",
        "path-is-absolute": "^1.0.0"
      }
    },
    "http-errors": {
      "version": "1.8.1",
      "resolved": "https://registry.npmjs.org/http-errors/-/http-errors-1.8.1.tgz",
      "integrity": "sha512-Kpk9Sm7NmI+RHhnj6OIWDI1d6fIoFAtFt9RLaTMRlg/8w49juAStsrBgp0Dp4OdxdVbRIeKhtCUvoi/RuAhO4g==",
      "requires": {
        "depd": "~1.1.2",
        "inherits": "2.0.4",
        "setprototypeof": "1.2.0",
        "statuses": ">= 1.5.0 < 2",
        "toidentifier": "1.0.1"
      }
    },
    "inflight": {
      "version": "1.0.6",
      "resolved": "https://registry.npmjs.org/inflight/-/inflight-1.0.6.tgz",
      "integrity": "sha1-Sb1jMdfQLQwJvJEKEHW6gWW1bfk=",
      "requires": {
        "once": "^1.3.0",
        "wrappy": "1"
      }
    },
    "inherits": {
      "version": "2.0.4",
      "resolved": "https://registry.npmjs.org/inherits/-/inherits-2.0.4.tgz",
      "integrity": "sha512-k/vGaX4/Yla3WzyMCvTQOXYeIHvqOKtnqBduzTHpzpQZzAskKMhZ2K+EnBiSM9zGSoIFeMpXKxa4dYeZIQqewQ=="
    },
    "ini": {
      "version": "1.3.8",
      "resolved": "https://registry.npmjs.org/ini/-/ini-1.3.8.tgz",
      "integrity": "sha512-JV/yugV2uzW5iMRSiZAyDtQd+nxtUnjeLt0acNdw98kKLrvuRVyB80tsREOE7yvGVgalhZ6RNXCmEHkUKBKxew=="
    },
    "is-buffer": {
      "version": "1.1.6",
      "resolved": "https://registry.npmjs.org/is-buffer/-/is-buffer-1.1.6.tgz",
      "integrity": "sha512-NcdALwpXkTm5Zvvbk7owOUSvVvBKDgKP5/ewfXEznmQFfs4ZRmanOeKBTjRVjka3QFoN6XJ+9F3USqfHqTaU5w=="
    },
    "is-extendable": {
      "version": "0.1.1",
      "resolved": "https://registry.npmjs.org/is-extendable/-/is-extendable-0.1.1.tgz",
      "integrity": "sha1-YrEQ4omkcUGOPsNqYX1HLjAd/Ik="
    },
    "is-whitespace": {
      "version": "0.3.0",
      "resolved": "https://registry.npmjs.org/is-whitespace/-/is-whitespace-0.3.0.tgz",
      "integrity": "sha1-Fjnssb4DauxppUy7QBz77XEUq38="
    },
    "js-beautify": {
      "version": "1.14.0",
      "resolved": "https://registry.npmjs.org/js-beautify/-/js-beautify-1.14.0.tgz",
      "integrity": "sha512-yuck9KirNSCAwyNJbqW+BxJqJ0NLJ4PwBUzQQACl5O3qHMBXVkXb/rD0ilh/Lat/tn88zSZ+CAHOlk0DsY7GuQ==",
      "requires": {
        "config-chain": "^1.1.12",
        "editorconfig": "^0.15.3",
        "glob": "^7.1.3",
        "nopt": "^5.0.0"
      }
    },
    "kind-of": {
      "version": "3.2.2",
      "resolved": "https://registry.npmjs.org/kind-of/-/kind-of-3.2.2.tgz",
      "integrity": "sha1-MeohpzS6ubuw8yRm2JOupR5KPGQ=",
      "requires": {
        "is-buffer": "^1.1.5"
      }
    },
    "koa-send": {
      "version": "5.0.1",
      "resolved": "https://registry.npmjs.org/koa-send/-/koa-send-5.0.1.tgz",
      "integrity": "sha512-tmcyQ/wXXuxpDxyNXv5yNNkdAMdFRqwtegBXUaowiQzUKqJehttS0x2j0eOZDQAyloAth5w6wwBImnFzkUz3pQ==",
      "requires": {
        "debug": "^4.1.1",
        "http-errors": "^1.7.3",
        "resolve-path": "^1.4.0"
      }
    },
    "koa-views": {
      "version": "8.0.0",
      "resolved": "https://registry.npmjs.org/koa-views/-/koa-views-8.0.0.tgz",
      "integrity": "sha512-nvGKdG8yVyomhouwN060SWd7Q9kGYRr322dwN6jvI04hgiDEW9vsPXEje9OEtBgGXxHURe7xOzo3bxQ3DBc1Nw==",
      "requires": {
        "consolidate": "^0.16.0",
        "debug": "^4.1.0",
        "get-paths": "0.0.7",
        "koa-send": "^5.0.0",
        "mz": "^2.4.0",
        "pretty": "^2.0.0",
        "resolve-path": "^1.4.0"
      }
    },
    "lodash": {
      "version": "4.17.21",
      "resolved": "https://registry.npmjs.org/lodash/-/lodash-4.17.21.tgz",
      "integrity": "sha512-v2kDEe57lecTulaDIuNTPy3Ry4gLGJ6Z1O3vE1krgXZNrsQ+LFTGHVxVjcXPs17LhbZVGedAJv8XZ1tvj5FvSg=="
    },
    "lru-cache": {
      "version": "4.1.5",
      "resolved": "https://registry.npmjs.org/lru-cache/-/lru-cache-4.1.5.tgz",
      "integrity": "sha512-sWZlbEP2OsHNkXrMl5GYk/jKk70MBng6UU4YI/qGDYbgf6YbP4EvmqISbXCoJiRKs+1bSpFHVgQxvJ17F2li5g==",
      "requires": {
        "pseudomap": "^1.0.2",
        "yallist": "^2.1.2"
      }
    },
    "minimatch": {
      "version": "3.0.4",
      "resolved": "https://registry.npmjs.org/minimatch/-/minimatch-3.0.4.tgz",
      "integrity": "sha512-yJHVQEhyqPLUTgt9B83PXu6W3rx4MvvHvSUvToogpwoGDOUQ+yDrR0HRot+yOCdCO7u4hX3pWft6kWBBcqh0UA==",
      "requires": {
        "brace-expansion": "^1.1.7"
      }
    },
    "ms": {
      "version": "2.1.2",
      "resolved": "https://registry.npmjs.org/ms/-/ms-2.1.2.tgz",
      "integrity": "sha512-sGkPx+VjMtmA6MX27oA4FBFELFCZZ4S4XqeGOXCv68tT+jb3vk/RyaKWP0PTKyWtmLSM0b+adUTEvbs1PEaH2w=="
    },
    "mz": {
      "version": "2.7.0",
      "resolved": "https://registry.npmjs.org/mz/-/mz-2.7.0.tgz",
      "integrity": "sha512-z81GNO7nnYMEhrGh9LeymoE4+Yr0Wn5McHIZMK5cfQCl+NDX08sCZgUc9/6MHni9IWuFLm1Z3HTCXu2z9fN62Q==",
      "requires": {
        "any-promise": "^1.0.0",
        "object-assign": "^4.0.1",
        "thenify-all": "^1.0.0"
      }
    },
    "nopt": {
      "version": "5.0.0",
      "resolved": "https://registry.npmjs.org/nopt/-/nopt-5.0.0.tgz",
      "integrity": "sha512-Tbj67rffqceeLpcRXrT7vKAN8CwfPeIBgM7E6iBkmKLV7bEMwpGgYLGv0jACUsECaa/vuxP0IjEont6umdMgtQ==",
      "requires": {
        "abbrev": "1"
      }
    },
    "object-assign": {
      "version": "4.1.1",
      "resolved": "https://registry.npmjs.org/object-assign/-/object-assign-4.1.1.tgz",
      "integrity": "sha1-IQmtx5ZYh8/AXLvUQsrIv7s2CGM="
    },
    "once": {
      "version": "1.4.0",
      "resolved": "https://registry.npmjs.org/once/-/once-1.4.0.tgz",
      "integrity": "sha1-WDsap3WWHUsROsF9nFC6753Xa9E=",
      "requires": {
        "wrappy": "1"
      }
    },
    "path-is-absolute": {
      "version": "1.0.1",
      "resolved": "https://registry.npmjs.org/path-is-absolute/-/path-is-absolute-1.0.1.tgz",
      "integrity": "sha1-F0uSaHNVNP+8es5r9TpanhtcX18="
    },
    "pify": {
      "version": "4.0.1",
      "resolved": "https://registry.npmjs.org/pify/-/pify-4.0.1.tgz",
      "integrity": "sha512-uB80kBFb/tfd68bVleG9T5GGsGPjJrLAUpR5PZIrhBnIaRTQRjqdJSsIKkOP6OAIFbj7GOrcudc5pNjZ+geV2g=="
    },
    "pretty": {
      "version": "2.0.0",
      "resolved": "https://registry.npmjs.org/pretty/-/pretty-2.0.0.tgz",
      "integrity": "sha1-rbx5YLe7/iiaVX3F9zdhmiINBqU=",
      "requires": {
        "condense-newlines": "^0.2.1",
        "extend-shallow": "^2.0.1",
        "js-beautify": "^1.6.12"
      }
    },
    "proto-list": {
      "version": "1.2.4",
      "resolved": "https://registry.npmjs.org/proto-list/-/proto-list-1.2.4.tgz",
      "integrity": "sha1-IS1b/hMYMGpCD2QCuOJv85ZHqEk="
    },
    "pseudomap": {
      "version": "1.0.2",
      "resolved": "https://registry.npmjs.org/pseudomap/-/pseudomap-1.0.2.tgz",
      "integrity": "sha1-8FKijacOYYkX7wqKw0wa5aaChrM="
    },
    "redis-info": {
      "version": "3.1.0",
      "resolved": "https://registry.npmjs.org/redis-info/-/redis-info-3.1.0.tgz",
      "integrity": "sha512-ER4L9Sh/vm63DkIE0bkSjxluQlioBiBgf5w1UuldaW/3vPcecdljVDisZhmnCMvsxHNiARTTDDHGg9cGwTfrKg==",
      "requires": {
        "lodash": "^4.17.11"
      }
    },
    "resolve-path": {
      "version": "1.4.0",
      "resolved": "https://registry.npmjs.org/resolve-path/-/resolve-path-1.4.0.tgz",
      "integrity": "sha1-xL2p9e+y/OZSR4c6s2u02DT+Fvc=",
      "requires": {
        "http-errors": "~1.6.2",
        "path-is-absolute": "1.0.1"
      },
      "dependencies": {
        "http-errors": {
          "version": "1.6.3",
          "resolved": "https://registry.npmjs.org/http-errors/-/http-errors-1.6.3.tgz",
          "integrity": "sha1-i1VoC7S+KDoLW/TqLjhYC+HZMg0=",
          "requires": {
            "depd": "~1.1.2",
            "inherits": "2.0.3",
            "setprototypeof": "1.1.0",
            "statuses": ">= 1.4.0 < 2"
          }
        },
        "inherits": {
          "version": "2.0.3",
          "resolved": "https://registry.npmjs.org/inherits/-/inherits-2.0.3.tgz",
          "integrity": "sha1-Yzwsg+PaQqUC9SRmAiSA9CCCYd4="
        },
        "setprototypeof": {
          "version": "1.1.0",
          "resolved": "https://registry.npmjs.org/setprototypeof/-/setprototypeof-1.1.0.tgz",
          "integrity": "sha512-BvE/TwpZX4FXExxOxZyRGQQv651MSwmWKZGqvmPcRIjDqWub67kTKuIMx43cZZrS/cBBzwBcNDWoFxt2XEFIpQ=="
        }
      }
    },
    "semver": {
      "version": "5.7.1",
      "resolved": "https://registry.npmjs.org/semver/-/semver-5.7.1.tgz",
      "integrity": "sha512-sauaDf/PZdVgrLTNYHRtpXa1iRiKcaebiKQ1BJdpQlWH2lCvexQdX55snPFyK7QzpudqbCI0qXFfOasHdyNDGQ=="
    },
    "setprototypeof": {
      "version": "1.2.0",
      "resolved": "https://registry.npmjs.org/setprototypeof/-/setprototypeof-1.2.0.tgz",
      "integrity": "sha512-E5LDX7Wrp85Kil5bhZv46j8jOeboKq5JMmYM3gVGdGH8xFpPWXUMsNrlODCrkoxMEeNi/XZIwuRvY4XNwYMJpw=="
    },
    "sigmund": {
      "version": "1.0.1",
      "resolved": "https://registry.npmjs.org/sigmund/-/sigmund-1.0.1.tgz",
      "integrity": "sha1-P/IfGYytIXX587eBhT/ZTQ0ZtZA="
    },
    "statuses": {
      "version": "1.5.0",
      "resolved": "https://registry.npmjs.org/statuses/-/statuses-1.5.0.tgz",
      "integrity": "sha1-Fhx9rBd2Wf2YEfQ3cfqZOBR4Yow="
    },
    "thenify": {
      "version": "3.3.1",
      "resolved": "https://registry.npmjs.org/thenify/-/thenify-3.3.1.tgz",
      "integrity": "sha512-RVZSIV5IG10Hk3enotrhvz0T9em6cyHBLkH/YAZuKqd8hRkKhSfCGIcP2KUY0EPxndzANBmNllzWPwak+bheSw==",
      "requires": {
        "any-promise": "^1.0.0"
      }
    },
    "thenify-all": {
      "version": "1.6.0",
      "resolved": "https://registry.npmjs.org/thenify-all/-/thenify-all-1.6.0.tgz",
      "integrity": "sha1-GhkY1ALY/D+Y+/I02wvMjMEOlyY=",
      "requires": {
        "thenify": ">= 3.1.0 < 4"
      }
    },
    "toidentifier": {
      "version": "1.0.1",
      "resolved": "https://registry.npmjs.org/toidentifier/-/toidentifier-1.0.1.tgz",
      "integrity": "sha512-o5sSPKEkg/DIQNmH43V0/uerLrpzVedkUh8tGNvaeXpfpuwjKenlSox/2O/BTlZUtEe+JG7s5YhEz608PlAHRA=="
    },
    "wrappy": {
      "version": "1.0.2",
      "resolved": "https://registry.npmjs.org/wrappy/-/wrappy-1.0.2.tgz",
      "integrity": "sha1-tSQ9jz7BqjXxNkYFvA0QNuMKtp8="
    },
    "yallist": {
      "version": "2.1.2",
      "resolved": "https://registry.npmjs.org/yallist/-/yallist-2.1.2.tgz",
      "integrity": "sha1-HBH5IY8HYImkfdUS+TxmmaaoHVI="
    }
  }
}
